# THIS IS AN AUTOGENERATED FILE. DO NOT EDIT THIS FILE DIRECTLY.
# yarn lockfile v1


"@citizenfx/client@^2.0.6115-1":
  version "2.0.6115-1"
  resolved "https://registry.yarnpkg.com/@citizenfx/client/-/client-2.0.6115-1.tgz#c621f152e561b7abcc5c0d5f94f63bf83af8c5bc"
  integrity sha512-65xA7tV0wMscN6J9sGkuIEaC4zb7Bn0l6wKgn3ZtbIt4PsFP5FV07gorJK1V7Pbb8KPT1RkW6AVChgZh0g9pGQ==

"@citizenfx/server@^2.0.6115-1":
  version "2.0.6115-1"
  resolved "https://registry.yarnpkg.com/@citizenfx/server/-/server-2.0.6115-1.tgz#7b47a473dea5afd1a5ba23795e0b62a16eebfb13"
  integrity sha512-Rz40HIDAOaQrb/CV1DtGn1eMePYlDktSSjJBjwbU2iR2FXeKz+Fsxm5Bkg8T1u7PrOD1US/raf5OvtWLMBNu4w==

"@types/node@^18.11.10":
  version "18.11.12"
  resolved "https://registry.yarnpkg.com/@types/node/-/node-18.11.12.tgz#89e7f8aa8c88abf432f9bd594888144d7dba10aa"
  integrity sha512-FgD3NtTAKvyMmD44T07zz2fEf+OKwutgBCEVM8GcvMGVGaDktiLNTDvPwC/LUe3PinMW+X6CuLOF2Ui1mAlSXg==
